
Microsoft Visual Studio Solution File, Format Version 12.00
# Visual Studio Version 17
VisualStudioVersion = 17.0.31903.59
MinimumVisualStudioVersion = 10.0.40219.1
Project("{2150E333-8FDC-42A3-9474-1A3956D46DE8}") = "src", "src", "{827E0CD3-B72D-47B6-A68D-7590B98EB39B}"
EndProject
Project("{FAE04EC0-301F-11D3-BF4B-00C04F79EFBC}") = "AdvocateOS.Domain", "src\AdvocateOS.Domain\AdvocateOS.Domain.csproj", "{DA9C99EB-259E-4C1B-A8A2-0FDC114B6E14}"
EndProject
Project("{FAE04EC0-301F-11D3-BF4B-00C04F79EFBC}") = "AdvocateOS.Application", "src\AdvocateOS.Application\AdvocateOS.Application.csproj", "{8BFAABDE-DA55-412F-BCFE-1D9DCBC81D0E}"
EndProject
Project("{FAE04EC0-301F-11D3-BF4B-00C04F79EFBC}") = "AdvocateOS.Infrastructure", "src\AdvocateOS.Infrastructure\AdvocateOS.Infrastructure.csproj", "{8D27D7CC-52EE-413C-8D6A-F1F0C66CF28F}"
EndProject
Project("{FAE04EC0-301F-11D3-BF4B-00C04F79EFBC}") = "AdvocateOS.Presentation.Wpf", "src\AdvocateOS.Presentation.Wpf\AdvocateOS.Presentation.Wpf.csproj", "{EFFE2B15-A09F-4249-B05F-CAE263AE4955}"
EndProject
Project("{FAE04EC0-301F-11D3-BF4B-00C04F79EFBC}") = "AdvocateOS.Presentation.Api", "src\AdvocateOS.Presentation.Api\AdvocateOS.Presentation.Api.csproj", "{21060211-A965-4452-9B90-6484CF5B8243}"
EndProject
Project("{FAE04EC0-301F-11D3-BF4B-00C04F79EFBC}") = "AdvocateOS.AI", "src\AdvocateOS.AI\AdvocateOS.AI.csproj", "{40CFE7CF-F5B3-4906-9A4D-45AF925775A2}"
EndProject
Project("{FAE04EC0-301F-11D3-BF4B-00C04F79EFBC}") = "AdvocateOS.Search", "src\AdvocateOS.Search\AdvocateOS.Search.csproj", "{2B684938-1D51-4710-8924-52A49E673333}"
EndProject
Project("{FAE04EC0-301F-11D3-BF4B-00C04F79EFBC}") = "AdvocateOS.Integration", "src\AdvocateOS.Integration\AdvocateOS.Integration.csproj", "{291091F8-F8A5-4D6F-A18A-FD0526C868B7}"
EndProject
Project("{FAE04EC0-301F-11D3-BF4B-00C04F79EFBC}") = "AdvocateOS.Shared", "src\AdvocateOS.Shared\AdvocateOS.Shared.csproj", "{EA777EF5-C151-4A80-BDEE-89A5BA94215E}"
EndProject
Project("{2150E333-8FDC-42A3-9474-1A3956D46DE8}") = "tests", "tests", "{0AB3BF05-4346-4AA6-1389-037BE0695223}"
EndProject
Project("{FAE04EC0-301F-11D3-BF4B-00C04F79EFBC}") = "AdvocateOS.UnitTests", "tests\AdvocateOS.UnitTests\AdvocateOS.UnitTests.csproj", "{D305ECCE-8BAC-4BED-A621-4E5E7FA0E886}"
EndProject
Project("{FAE04EC0-301F-11D3-BF4B-00C04F79EFBC}") = "AdvocateOS.IntegrationTests", "tests\AdvocateOS.IntegrationTests\AdvocateOS.IntegrationTests.csproj", "{7BB88EE3-5491-480F-B0BB-9F9F7EB45F99}"
EndProject
Global
	GlobalSection(SolutionConfigurationPlatforms) = preSolution
		Debug|Any CPU = Debug|Any CPU
		Debug|x64 = Debug|x64
		Debug|x86 = Debug|x86
		Release|Any CPU = Release|Any CPU
		Release|x64 = Release|x64
		Release|x86 = Release|x86
	EndGlobalSection
	GlobalSection(ProjectConfigurationPlatforms) = postSolution
		{DA9C99EB-259E-4C1B-A8A2-0FDC114B6E14}.Debug|Any CPU.ActiveCfg = Debug|Any CPU
		{DA9C99EB-259E-4C1B-A8A2-0FDC114B6E14}.Debug|Any CPU.Build.0 = Debug|Any CPU
		{DA9C99EB-259E-4C1B-A8A2-0FDC114B6E14}.Debug|x64.ActiveCfg = Debug|Any CPU
		{DA9C99EB-259E-4C1B-A8A2-0FDC114B6E14}.Debug|x64.Build.0 = Debug|Any CPU
		{DA9C99EB-259E-4C1B-A8A2-0FDC114B6E14}.Debug|x86.ActiveCfg = Debug|Any CPU
		{DA9C99EB-259E-4C1B-A8A2-0FDC114B6E14}.Debug|x86.Build.0 = Debug|Any CPU
		{DA9C99EB-259E-4C1B-A8A2-0FDC114B6E14}.Release|Any CPU.ActiveCfg = Release|Any CPU
		{DA9C99EB-259E-4C1B-A8A2-0FDC114B6E14}.Release|Any CPU.Build.0 = Release|Any CPU
		{DA9C99EB-259E-4C1B-A8A2-0FDC114B6E14}.Release|x64.ActiveCfg = Release|Any CPU
		{DA9C99EB-259E-4C1B-A8A2-0FDC114B6E14}.Release|x64.Build.0 = Release|Any CPU
		{DA9C99EB-259E-4C1B-A8A2-0FDC114B6E14}.Release|x86.ActiveCfg = Release|Any CPU
		{DA9C99EB-259E-4C1B-A8A2-0FDC114B6E14}.Release|x86.Build.0 = Release|Any CPU
		{8BFAABDE-DA55-412F-BCFE-1D9DCBC81D0E}.Debug|Any CPU.ActiveCfg = Debug|Any CPU
		{8BFAABDE-DA55-412F-BCFE-1D9DCBC81D0E}.Debug|Any CPU.Build.0 = Debug|Any CPU
		{8BFAABDE-DA55-412F-BCFE-1D9DCBC81D0E}.Debug|x64.ActiveCfg = Debug|Any CPU
		{8BFAABDE-DA55-412F-BCFE-1D9DCBC81D0E}.Debug|x64.Build.0 = Debug|Any CPU
		{8BFAABDE-DA55-412F-BCFE-1D9DCBC81D0E}.Debug|x86.ActiveCfg = Debug|Any CPU
		{8BFAABDE-DA55-412F-BCFE-1D9DCBC81D0E}.Debug|x86.Build.0 = Debug|Any CPU
		{8BFAABDE-DA55-412F-BCFE-1D9DCBC81D0E}.Release|Any CPU.ActiveCfg = Release|Any CPU
		{8BFAABDE-DA55-412F-BCFE-1D9DCBC81D0E}.Release|Any CPU.Build.0 = Release|Any CPU
		{8BFAABDE-DA55-412F-BCFE-1D9DCBC81D0E}.Release|x64.ActiveCfg = Release|Any CPU
		{8BFAABDE-DA55-412F-BCFE-1D9DCBC81D0E}.Release|x64.Build.0 = Release|Any CPU
		{8BFAABDE-DA55-412F-BCFE-1D9DCBC81D0E}.Release|x86.ActiveCfg = Release|Any CPU
		{8BFAABDE-DA55-412F-BCFE-1D9DCBC81D0E}.Release|x86.Build.0 = Release|Any CPU
		{8D27D7CC-52EE-413C-8D6A-F1F0C66CF28F}.Debug|Any CPU.ActiveCfg = Debug|Any CPU
		{8D27D7CC-52EE-413C-8D6A-F1F0C66CF28F}.Debug|Any CPU.Build.0 = Debug|Any CPU
		{8D27D7CC-52EE-413C-8D6A-F1F0C66CF28F}.Debug|x64.ActiveCfg = Debug|Any CPU
		{8D27D7CC-52EE-413C-8D6A-F1F0C66CF28F}.Debug|x64.Build.0 = Debug|Any CPU
		{8D27D7CC-52EE-413C-8D6A-F1F0C66CF28F}.Debug|x86.ActiveCfg = Debug|Any CPU
		{8D27D7CC-52EE-413C-8D6A-F1F0C66CF28F}.Debug|x86.Build.0 = Debug|Any CPU
		{8D27D7CC-52EE-413C-8D6A-F1F0C66CF28F}.Release|Any CPU.ActiveCfg = Release|Any CPU
		{8D27D7CC-52EE-413C-8D6A-F1F0C66CF28F}.Release|Any CPU.Build.0 = Release|Any CPU
		{8D27D7CC-52EE-413C-8D6A-F1F0C66CF28F}.Release|x64.ActiveCfg = Release|Any CPU
		{8D27D7CC-52EE-413C-8D6A-F1F0C66CF28F}.Release|x64.Build.0 = Release|Any CPU
		{8D27D7CC-52EE-413C-8D6A-F1F0C66CF28F}.Release|x86.ActiveCfg = Release|Any CPU
		{8D27D7CC-52EE-413C-8D6A-F1F0C66CF28F}.Release|x86.Build.0 = Release|Any CPU
		{EFFE2B15-A09F-4249-B05F-CAE263AE4955}.Debug|Any CPU.ActiveCfg = Debug|Any CPU
		{EFFE2B15-A09F-4249-B05F-CAE263AE4955}.Debug|Any CPU.Build.0 = Debug|Any CPU
		{EFFE2B15-A09F-4249-B05F-CAE263AE4955}.Debug|x64.ActiveCfg = Debug|Any CPU
		{EFFE2B15-A09F-4249-B05F-CAE263AE4955}.Debug|x64.Build.0 = Debug|Any CPU
		{EFFE2B15-A09F-4249-B05F-CAE263AE4955}.Debug|x86.ActiveCfg = Debug|Any CPU
		{EFFE2B15-A09F-4249-B05F-CAE263AE4955}.Debug|x86.Build.0 = Debug|Any CPU
		{EFFE2B15-A09F-4249-B05F-CAE263AE4955}.Release|Any CPU.ActiveCfg = Release|Any CPU
		{EFFE2B15-A09F-4249-B05F-CAE263AE4955}.Release|Any CPU.Build.0 = Release|Any CPU
		{EFFE2B15-A09F-4249-B05F-CAE263AE4955}.Release|x64.ActiveCfg = Release|Any CPU
		{EFFE2B15-A09F-4249-B05F-CAE263AE4955}.Release|x64.Build.0 = Release|Any CPU
		{EFFE2B15-A09F-4249-B05F-CAE263AE4955}.Release|x86.ActiveCfg = Release|Any CPU
		{EFFE2B15-A09F-4249-B05F-CAE263AE4955}.Release|x86.Build.0 = Release|Any CPU
		{21060211-A965-4452-9B90-6484CF5B8243}.Debug|Any CPU.ActiveCfg = Debug|Any CPU
		{21060211-A965-4452-9B90-6484CF5B8243}.Debug|Any CPU.Build.0 = Debug|Any CPU
		{21060211-A965-4452-9B90-6484CF5B8243}.Debug|x64.ActiveCfg = Debug|Any CPU
		{21060211-A965-4452-9B90-6484CF5B8243}.Debug|x64.Build.0 = Debug|Any CPU
		{21060211-A965-4452-9B90-6484CF5B8243}.Debug|x86.ActiveCfg = Debug|Any CPU
		{21060211-A965-4452-9B90-6484CF5B8243}.Debug|x86.Build.0 = Debug|Any CPU
		{21060211-A965-4452-9B90-6484CF5B8243}.Release|Any CPU.ActiveCfg = Release|Any CPU
		{21060211-A965-4452-9B90-6484CF5B8243}.Release|Any CPU.Build.0 = Release|Any CPU
		{21060211-A965-4452-9B90-6484CF5B8243}.Release|x64.ActiveCfg = Release|Any CPU
		{21060211-A965-4452-9B90-6484CF5B8243}.Release|x64.Build.0 = Release|Any CPU
		{21060211-A965-4452-9B90-6484CF5B8243}.Release|x86.ActiveCfg = Release|Any CPU
		{21060211-A965-4452-9B90-6484CF5B8243}.Release|x86.Build.0 = Release|Any CPU
		{40CFE7CF-F5B3-4906-9A4D-45AF925775A2}.Debug|Any CPU.ActiveCfg = Debug|Any CPU
		{40CFE7CF-F5B3-4906-9A4D-45AF925775A2}.Debug|Any CPU.Build.0 = Debug|Any CPU
		{40CFE7CF-F5B3-4906-9A4D-45AF925775A2}.Debug|x64.ActiveCfg = Debug|Any CPU
		{40CFE7CF-F5B3-4906-9A4D-45AF925775A2}.Debug|x64.Build.0 = Debug|Any CPU
		{40CFE7CF-F5B3-4906-9A4D-45AF925775A2}.Debug|x86.ActiveCfg = Debug|Any CPU
		{40CFE7CF-F5B3-4906-9A4D-45AF925775A2}.Debug|x86.Build.0 = Debug|Any CPU
		{40CFE7CF-F5B3-4906-9A4D-45AF925775A2}.Release|Any CPU.ActiveCfg = Release|Any CPU
		{40CFE7CF-F5B3-4906-9A4D-45AF925775A2}.Release|Any CPU.Build.0 = Release|Any CPU
		{40CFE7CF-F5B3-4906-9A4D-45AF925775A2}.Release|x64.ActiveCfg = Release|Any CPU
		{40CFE7CF-F5B3-4906-9A4D-45AF925775A2}.Release|x64.Build.0 = Release|Any CPU
		{40CFE7CF-F5B3-4906-9A4D-45AF925775A2}.Release|x86.ActiveCfg = Release|Any CPU
		{40CFE7CF-F5B3-4906-9A4D-45AF925775A2}.Release|x86.Build.0 = Release|Any CPU
		{2B684938-1D51-4710-8924-52A49E673333}.Debug|Any CPU.ActiveCfg = Debug|Any CPU
		{2B684938-1D51-4710-8924-52A49E673333}.Debug|Any CPU.Build.0 = Debug|Any CPU
		{2B684938-1D51-4710-8924-52A49E673333}.Debug|x64.ActiveCfg = Debug|Any CPU
		{2B684938-1D51-4710-8924-52A49E673333}.Debug|x64.Build.0 = Debug|Any CPU
		{2B684938-1D51-4710-8924-52A49E673333}.Debug|x86.ActiveCfg = Debug|Any CPU
		{2B684938-1D51-4710-8924-52A49E673333}.Debug|x86.Build.0 = Debug|Any CPU
		{2B684938-1D51-4710-8924-52A49E673333}.Release|Any CPU.ActiveCfg = Release|Any CPU
		{2B684938-1D51-4710-8924-52A49E673333}.Release|Any CPU.Build.0 = Release|Any CPU
		{2B684938-1D51-4710-8924-52A49E673333}.Release|x64.ActiveCfg = Release|Any CPU
		{2B684938-1D51-4710-8924-52A49E673333}.Release|x64.Build.0 = Release|Any CPU
		{2B684938-1D51-4710-8924-52A49E673333}.Release|x86.ActiveCfg = Release|Any CPU
		{2B684938-1D51-4710-8924-52A49E673333}.Release|x86.Build.0 = Release|Any CPU
		{291091F8-F8A5-4D6F-A18A-FD0526C868B7}.Debug|Any CPU.ActiveCfg = Debug|Any CPU
		{291091F8-F8A5-4D6F-A18A-FD0526C868B7}.Debug|Any CPU.Build.0 = Debug|Any CPU
		{291091F8-F8A5-4D6F-A18A-FD0526C868B7}.Debug|x64.ActiveCfg = Debug|Any CPU
		{291091F8-F8A5-4D6F-A18A-FD0526C868B7}.Debug|x64.Build.0 = Debug|Any CPU
		{291091F8-F8A5-4D6F-A18A-FD0526C868B7}.Debug|x86.ActiveCfg = Debug|Any CPU
		{291091F8-F8A5-4D6F-A18A-FD0526C868B7}.Debug|x86.Build.0 = Debug|Any CPU
		{291091F8-F8A5-4D6F-A18A-FD0526C868B7}.Release|Any CPU.ActiveCfg = Release|Any CPU
		{291091F8-F8A5-4D6F-A18A-FD0526C868B7}.Release|Any CPU.Build.0 = Release|Any CPU
		{291091F8-F8A5-4D6F-A18A-FD0526C868B7}.Release|x64.ActiveCfg = Release|Any CPU
		{291091F8-F8A5-4D6F-A18A-FD0526C868B7}.Release|x64.Build.0 = Release|Any CPU
		{291091F8-F8A5-4D6F-A18A-FD0526C868B7}.Release|x86.ActiveCfg = Release|Any CPU
		{291091F8-F8A5-4D6F-A18A-FD0526C868B7}.Release|x86.Build.0 = Release|Any CPU
		{EA777EF5-C151-4A80-BDEE-89A5BA94215E}.Debug|Any CPU.ActiveCfg = Debug|Any CPU
		{EA777EF5-C151-4A80-BDEE-89A5BA94215E}.Debug|Any CPU.Build.0 = Debug|Any CPU
		{EA777EF5-C151-4A80-BDEE-89A5BA94215E}.Debug|x64.ActiveCfg = Debug|Any CPU
		{EA777EF5-C151-4A80-BDEE-89A5BA94215E}.Debug|x64.Build.0 = Debug|Any CPU
		{EA777EF5-C151-4A80-BDEE-89A5BA94215E}.Debug|x86.ActiveCfg = Debug|Any CPU
		{EA777EF5-C151-4A80-BDEE-89A5BA94215E}.Debug|x86.Build.0 = Debug|Any CPU
		{EA777EF5-C151-4A80-BDEE-89A5BA94215E}.Release|Any CPU.ActiveCfg = Release|Any CPU
		{EA777EF5-C151-4A80-BDEE-89A5BA94215E}.Release|Any CPU.Build.0 = Release|Any CPU
		{EA777EF5-C151-4A80-BDEE-89A5BA94215E}.Release|x64.ActiveCfg = Release|Any CPU
		{EA777EF5-C151-4A80-BDEE-89A5BA94215E}.Release|x64.Build.0 = Release|Any CPU
		{EA777EF5-C151-4A80-BDEE-89A5BA94215E}.Release|x86.ActiveCfg = Release|Any CPU
		{EA777EF5-C151-4A80-BDEE-89A5BA94215E}.Release|x86.Build.0 = Release|Any CPU
		{D305ECCE-8BAC-4BED-A621-4E5E7FA0E886}.Debug|Any CPU.ActiveCfg = Debug|Any CPU
		{D305ECCE-8BAC-4BED-A621-4E5E7FA0E886}.Debug|Any CPU.Build.0 = Debug|Any CPU
		{D305ECCE-8BAC-4BED-A621-4E5E7FA0E886}.Debug|x64.ActiveCfg = Debug|Any CPU
		{D305ECCE-8BAC-4BED-A621-4E5E7FA0E886}.Debug|x64.Build.0 = Debug|Any CPU
		{D305ECCE-8BAC-4BED-A621-4E5E7FA0E886}.Debug|x86.ActiveCfg = Debug|Any CPU
		{D305ECCE-8BAC-4BED-A621-4E5E7FA0E886}.Debug|x86.Build.0 = Debug|Any CPU
		{D305ECCE-8BAC-4BED-A621-4E5E7FA0E886}.Release|Any CPU.ActiveCfg = Release|Any CPU
		{D305ECCE-8BAC-4BED-A621-4E5E7FA0E886}.Release|Any CPU.Build.0 = Release|Any CPU
		{D305ECCE-8BAC-4BED-A621-4E5E7FA0E886}.Release|x64.ActiveCfg = Release|Any CPU
		{D305ECCE-8BAC-4BED-A621-4E5E7FA0E886}.Release|x64.Build.0 = Release|Any CPU
		{D305ECCE-8BAC-4BED-A621-4E5E7FA0E886}.Release|x86.ActiveCfg = Release|Any CPU
		{D305ECCE-8BAC-4BED-A621-4E5E7FA0E886}.Release|x86.Build.0 = Release|Any CPU
		{7BB88EE3-5491-480F-B0BB-9F9F7EB45F99}.Debug|Any CPU.ActiveCfg = Debug|Any CPU
		{7BB88EE3-5491-480F-B0BB-9F9F7EB45F99}.Debug|Any CPU.Build.0 = Debug|Any CPU
		{7BB88EE3-5491-480F-B0BB-9F9F7EB45F99}.Debug|x64.ActiveCfg = Debug|Any CPU
		{7BB88EE3-5491-480F-B0BB-9F9F7EB45F99}.Debug|x64.Build.0 = Debug|Any CPU
		{7BB88EE3-5491-480F-B0BB-9F9F7EB45F99}.Debug|x86.ActiveCfg = Debug|Any CPU
		{7BB88EE3-5491-480F-B0BB-9F9F7EB45F99}.Debug|x86.Build.0 = Debug|Any CPU
		{7BB88EE3-5491-480F-B0BB-9F9F7EB45F99}.Release|Any CPU.ActiveCfg = Release|Any CPU
		{7BB88EE3-5491-480F-B0BB-9F9F7EB45F99}.Release|Any CPU.Build.0 = Release|Any CPU
		{7BB88EE3-5491-480F-B0BB-9F9F7EB45F99}.Release|x64.ActiveCfg = Release|Any CPU
		{7BB88EE3-5491-480F-B0BB-9F9F7EB45F99}.Release|x64.Build.0 = Release|Any CPU
		{7BB88EE3-5491-480F-B0BB-9F9F7EB45F99}.Release|x86.ActiveCfg = Release|Any CPU
		{7BB88EE3-5491-480F-B0BB-9F9F7EB45F99}.Release|x86.Build.0 = Release|Any CPU
	EndGlobalSection
	GlobalSection(SolutionProperties) = preSolution
		HideSolutionNode = FALSE
	EndGlobalSection
	GlobalSection(NestedProjects) = preSolution
		{DA9C99EB-259E-4C1B-A8A2-0FDC114B6E14} = {827E0CD3-B72D-47B6-A68D-7590B98EB39B}
		{8BFAABDE-DA55-412F-BCFE-1D9DCBC81D0E} = {827E0CD3-B72D-47B6-A68D-7590B98EB39B}
		{8D27D7CC-52EE-413C-8D6A-F1F0C66CF28F} = {827E0CD3-B72D-47B6-A68D-7590B98EB39B}
		{EFFE2B15-A09F-4249-B05F-CAE263AE4955} = {827E0CD3-B72D-47B6-A68D-7590B98EB39B}
		{21060211-A965-4452-9B90-6484CF5B8243} = {827E0CD3-B72D-47B6-A68D-7590B98EB39B}
		{40CFE7CF-F5B3-4906-9A4D-45AF925775A2} = {827E0CD3-B72D-47B6-A68D-7590B98EB39B}
		{2B684938-1D51-4710-8924-52A49E673333} = {827E0CD3-B72D-47B6-A68D-7590B98EB39B}
		{291091F8-F8A5-4D6F-A18A-FD0526C868B7} = {827E0CD3-B72D-47B6-A68D-7590B98EB39B}
		{EA777EF5-C151-4A80-BDEE-89A5BA94215E} = {827E0CD3-B72D-47B6-A68D-7590B98EB39B}
		{D305ECCE-8BAC-4BED-A621-4E5E7FA0E886} = {0AB3BF05-4346-4AA6-1389-037BE0695223}
		{7BB88EE3-5491-480F-B0BB-9F9F7EB45F99} = {0AB3BF05-4346-4AA6-1389-037BE0695223}
	EndGlobalSection
EndGlobal
